
Microsoft Visual Studio Solution File, Format Version 12.00
# Visual Studio Version 17
VisualStudioVersion = 17.0.31903.59
MinimumVisualStudioVersion = 10.0.40219.1
Project("{FAE04EC0-301F-11D3-BF4B-00C04F79EFBC}") = "QueuingCalculator", "QueuingCalculator\QueuingCalculator.csproj", "{84BB97EE-5EAE-4175-851B-907874345672}"
EndProject
Project("{FAE04EC0-301F-11D3-BF4B-00C04F79EFBC}") = "QueuingCalculator.Tests", "QueuingCalculator.Tests\QueuingCalculator.Tests.csproj", "{C36883BA-801C-46AA-BA0F-158851F98A58}"
EndProject
Global
	GlobalSection(SolutionConfigurationPlatforms) = preSolution
		Debug|Any CPU = Debug|Any CPU
		Release|Any CPU = Release|Any CPU
	EndGlobalSection
	GlobalSection(SolutionProperties) = preSolution
		HideSolutionNode = FALSE
	EndGlobalSection
	GlobalSection(ProjectConfigurationPlatforms) = postSolution
		{84BB97EE-5EAE-4175-851B-907874345672}.Debug|Any CPU.ActiveCfg = Debug|Any CPU
		{84BB97EE-5EAE-4175-851B-907874345672}.Debug|Any CPU.Build.0 = Debug|Any CPU
		{84BB97EE-5EAE-4175-851B-907874345672}.Release|Any CPU.ActiveCfg = Release|Any CPU
		{84BB97EE-5EAE-4175-851B-907874345672}.Release|Any CPU.Build.0 = Release|Any CPU
		{C36883BA-801C-46AA-BA0F-158851F98A58}.Debug|Any CPU.ActiveCfg = Debug|Any CPU
		{C36883BA-801C-46AA-BA0F-158851F98A58}.Debug|Any CPU.Build.0 = Debug|Any CPU
		{C36883BA-801C-46AA-BA0F-158851F98A58}.Release|Any CPU.ActiveCfg = Release|Any CPU
		{C36883BA-801C-46AA-BA0F-158851F98A58}.Release|Any CPU.Build.0 = Release|Any CPU
	EndGlobalSection
EndGlobal
